
Microsoft Visual Studio Solution File, Format Version 12.00
# Visual Studio Version 16
VisualStudioVersion = 16.0.31105.61
MinimumVisualStudioVersion = 10.0.40219.1
Project("{FAE04EC0-301F-11D3-BF4B-00C04F79EFBC}") = "AppGuiaDev.Android", "AppGuiaDev\AppGuiaDev.Android\AppGuiaDev.Android.csproj", "{0973FD10-F672-449A-897C-0E56D531FCE6}"
EndProject
Project("{FAE04EC0-301F-11D3-BF4B-00C04F79EFBC}") = "AppGuiaDev.iOS", "AppGuiaDev\AppGuiaDev.iOS\AppGuiaDev.iOS.csproj", "{065919E5-A7DF-4269-A27D-2B77245AE94A}"
EndProject
Project("{FAE04EC0-301F-11D3-BF4B-00C04F79EFBC}") = "AppGuiaDev", "AppGuiaDev\AppGuiaDev\AppGuiaDev.csproj", "{BEBB9AD4-D356-484E-82C1-20A614E612C7}"
EndProject
Global
	GlobalSection(SolutionConfigurationPlatforms) = preSolution
		Debug|Any CPU = Debug|Any CPU
		Debug|iPhone = Debug|iPhone
		Debug|iPhoneSimulator = Debug|iPhoneSimulator
		Release|Any CPU = Release|Any CPU
		Release|iPhone = Release|iPhone
		Release|iPhoneSimulator = Release|iPhoneSimulator
	EndGlobalSection
	GlobalSection(ProjectConfigurationPlatforms) = postSolution
		{0973FD10-F672-449A-897C-0E56D531FCE6}.Debug|Any CPU.ActiveCfg = Debug|Any CPU
		{0973FD10-F672-449A-897C-0E56D531FCE6}.Debug|Any CPU.Build.0 = Debug|Any CPU
		{0973FD10-F672-449A-897C-0E56D531FCE6}.Debug|Any CPU.Deploy.0 = Debug|Any CPU
		{0973FD10-F672-449A-897C-0E56D531FCE6}.Debug|iPhone.ActiveCfg = Debug|Any CPU
		{0973FD10-F672-449A-897C-0E56D531FCE6}.Debug|iPhone.Build.0 = Debug|Any CPU
		{0973FD10-F672-449A-897C-0E56D531FCE6}.Debug|iPhone.Deploy.0 = Debug|Any CPU
		{0973FD10-F672-449A-897C-0E56D531FCE6}.Debug|iPhoneSimulator.ActiveCfg = Debug|Any CPU
		{0973FD10-F672-449A-897C-0E56D531FCE6}.Debug|iPhoneSimulator.Build.0 = Debug|Any CPU
		{0973FD10-F672-449A-897C-0E56D531FCE6}.Debug|iPhoneSimulator.Deploy.0 = Debug|Any CPU
		{0973FD10-F672-449A-897C-0E56D531FCE6}.Release|Any CPU.ActiveCfg = Release|Any CPU
		{0973FD10-F672-449A-897C-0E56D531FCE6}.Release|Any CPU.Build.0 = Release|Any CPU
		{0973FD10-F672-449A-897C-0E56D531FCE6}.Release|Any CPU.Deploy.0 = Release|Any CPU
		{0973FD10-F672-449A-897C-0E56D531FCE6}.Release|iPhone.ActiveCfg = Release|Any CPU
		{0973FD10-F672-449A-897C-0E56D531FCE6}.Release|iPhone.Build.0 = Release|Any CPU
		{0973FD10-F672-449A-897C-0E56D531FCE6}.Release|iPhone.Deploy.0 = Release|Any CPU
		{0973FD10-F672-449A-897C-0E56D531FCE6}.Release|iPhoneSimulator.ActiveCfg = Release|Any CPU
		{0973FD10-F672-449A-897C-0E56D531FCE6}.Release|iPhoneSimulator.Build.0 = Release|Any CPU
		{0973FD10-F672-449A-897C-0E56D531FCE6}.Release|iPhoneSimulator.Deploy.0 = Release|Any CPU
		{065919E5-A7DF-4269-A27D-2B77245AE94A}.Debug|Any CPU.ActiveCfg = Debug|iPhone
		{065919E5-A7DF-4269-A27D-2B77245AE94A}.Debug|Any CPU.Build.0 = Debug|iPhone
		{065919E5-A7DF-4269-A27D-2B77245AE94A}.Debug|Any CPU.Deploy.0 = Debug|iPhone
		{065919E5-A7DF-4269-A27D-2B77245AE94A}.Debug|iPhone.ActiveCfg = Debug|iPhone
		{065919E5-A7DF-4269-A27D-2B77245AE94A}.Debug|iPhone.Build.0 = Debug|iPhone
		{065919E5-A7DF-4269-A27D-2B77245AE94A}.Debug|iPhone.Deploy.0 = Debug|iPhone
		{065919E5-A7DF-4269-A27D-2B77245AE94A}.Debug|iPhoneSimulator.ActiveCfg = Debug|iPhoneSimulator
		{065919E5-A7DF-4269-A27D-2B77245AE94A}.Debug|iPhoneSimulator.Build.0 = Debug|iPhoneSimulator
		{065919E5-A7DF-4269-A27D-2B77245AE94A}.Debug|iPhoneSimulator.Deploy.0 = Debug|iPhoneSimulator
		{065919E5-A7DF-4269-A27D-2B77245AE94A}.Release|Any CPU.ActiveCfg = Release|iPhoneSimulator
		{065919E5-A7DF-4269-A27D-2B77245AE94A}.Release|Any CPU.Build.0 = Release|iPhoneSimulator
		{065919E5-A7DF-4269-A27D-2B77245AE94A}.Release|Any CPU.Deploy.0 = Release|iPhoneSimulator
		{065919E5-A7DF-4269-A27D-2B77245AE94A}.Release|iPhone.ActiveCfg = Release|iPhone
		{065919E5-A7DF-4269-A27D-2B77245AE94A}.Release|iPhone.Build.0 = Release|iPhone
		{065919E5-A7DF-4269-A27D-2B77245AE94A}.Release|iPhone.Deploy.0 = Release|iPhone
		{065919E5-A7DF-4269-A27D-2B77245AE94A}.Release|iPhoneSimulator.ActiveCfg = Release|iPhoneSimulator
		{065919E5-A7DF-4269-A27D-2B77245AE94A}.Release|iPhoneSimulator.Build.0 = Release|iPhoneSimulator
		{065919E5-A7DF-4269-A27D-2B77245AE94A}.Release|iPhoneSimulator.Deploy.0 = Release|iPhoneSimulator
		{BEBB9AD4-D356-484E-82C1-20A614E612C7}.Debug|Any CPU.ActiveCfg = Debug|Any CPU
		{BEBB9AD4-D356-484E-82C1-20A614E612C7}.Debug|Any CPU.Build.0 = Debug|Any CPU
		{BEBB9AD4-D356-484E-82C1-20A614E612C7}.Debug|Any CPU.Deploy.0 = Debug|Any CPU
		{BEBB9AD4-D356-484E-82C1-20A614E612C7}.Debug|iPhone.ActiveCfg = Debug|Any CPU
		{BEBB9AD4-D356-484E-82C1-20A614E612C7}.Debug|iPhone.Build.0 = Debug|Any CPU
		{BEBB9AD4-D356-484E-82C1-20A614E612C7}.Debug|iPhone.Deploy.0 = Debug|Any CPU
		{BEBB9AD4-D356-484E-82C1-20A614E612C7}.Debug|iPhoneSimulator.ActiveCfg = Debug|Any CPU
		{BEBB9AD4-D356-484E-82C1-20A614E612C7}.Debug|iPhoneSimulator.Build.0 = Debug|Any CPU
		{BEBB9AD4-D356-484E-82C1-20A614E612C7}.Debug|iPhoneSimulator.Deploy.0 = Debug|Any CPU
		{BEBB9AD4-D356-484E-82C1-20A614E612C7}.Release|Any CPU.ActiveCfg = Release|Any CPU
		{BEBB9AD4-D356-484E-82C1-20A614E612C7}.Release|Any CPU.Build.0 = Release|Any CPU
		{BEBB9AD4-D356-484E-82C1-20A614E612C7}.Release|Any CPU.Deploy.0 = Release|Any CPU
		{BEBB9AD4-D356-484E-82C1-20A614E612C7}.Release|iPhone.ActiveCfg = Release|Any CPU
		{BEBB9AD4-D356-484E-82C1-20A614E612C7}.Release|iPhone.Build.0 = Release|Any CPU
		{BEBB9AD4-D356-484E-82C1-20A614E612C7}.Release|iPhone.Deploy.0 = Release|Any CPU
		{BEBB9AD4-D356-484E-82C1-20A614E612C7}.Release|iPhoneSimulator.ActiveCfg = Release|Any CPU
		{BEBB9AD4-D356-484E-82C1-20A614E612C7}.Release|iPhoneSimulator.Build.0 = Release|Any CPU
		{BEBB9AD4-D356-484E-82C1-20A614E612C7}.Release|iPhoneSimulator.Deploy.0 = Release|Any CPU
	EndGlobalSection
	GlobalSection(SolutionProperties) = preSolution
		HideSolutionNode = FALSE
	EndGlobalSection
	GlobalSection(ExtensibilityGlobals) = postSolution
		SolutionGuid = {4C719D1F-D33A-47D1-855C-0AA39967FEFD}
	EndGlobalSection
EndGlobal
